
Microsoft Visual Studio Solution File, Format Version 12.00
# Visual Studio Version 17
VisualStudioVersion = 17.8.34525.116
MinimumVisualStudioVersion = 10.0.40219.1
Project("{9A19103F-16F7-4668-BE54-9A1E7A4F7556}") = "CarSpecBattle", "CarSpecBattle\CarSpecBattle.csproj", "{D2FC970E-D660-4FEB-8463-56E5CE80520E}"
EndProject
Global
	GlobalSection(SolutionConfigurationPlatforms) = preSolution
		Debug|Any CPU = Debug|Any CPU
		Release|Any CPU = Release|Any CPU
	EndGlobalSection
	GlobalSection(ProjectConfigurationPlatforms) = postSolution
		{D2FC970E-D660-4FEB-8463-56E5CE80520E}.Debug|Any CPU.ActiveCfg = Debug|Any CPU
		{D2FC970E-D660-4FEB-8463-56E5CE80520E}.Debug|Any CPU.Build.0 = Debug|Any CPU
		{D2FC970E-D660-4FEB-8463-56E5CE80520E}.Release|Any CPU.ActiveCfg = Release|Any CPU
		{D2FC970E-D660-4FEB-8463-56E5CE80520E}.Release|Any CPU.Build.0 = Release|Any CPU
	EndGlobalSection
	GlobalSection(SolutionProperties) = preSolution
		HideSolutionNode = FALSE
	EndGlobalSection
	GlobalSection(ExtensibilityGlobals) = postSolution
		SolutionGuid = {D199F822-6DCA-4387-B285-A5F128081C10}
	EndGlobalSection
EndGlobal
